// !$*UTF8*$!
{
	archiveVersion = 1;
	classes = {
	};
	objectVersion = 77;
	objects = {

/* Begin PBXBuildFile section */
		B0BFCF342CFE396000731A97 /* ReaderModeExtension.appex in Embed Foundation Extensions */ = {isa = PBXBuildFile; fileRef = B0BFCF222CFE396000731A97 /* ReaderModeExtension.appex */; settings = {ATTRIBUTES = (RemoveHeadersOnCopy, ); }; };
/* End PBXBuildFile section */

/* Begin PBXContainerItemProxy section */
		B0BFCF022CFE393D00731A97 /* PBXContainerItemProxy */ = {
			isa = PBXContainerItemProxy;
			containerPortal = B0BFCEE82CFE393B00731A97 /* Project object */;
			proxyType = 1;
			remoteGlobalIDString = B0BFCEEF2CFE393B00731A97;
			remoteInfo = ReaderMode;
		};
		B0BFCF0C2CFE393D00731A97 /* PBXContainerItemProxy */ = {
			isa = PBXContainerItemProxy;
			containerPortal = B0BFCEE82CFE393B00731A97 /* Project object */;
			proxyType = 1;
			remoteGlobalIDString = B0BFCEEF2CFE393B00731A97;
			remoteInfo = ReaderMode;
		};
		B0BFCF322CFE396000731A97 /* PBXContainerItemProxy */ = {
			isa = PBXContainerItemProxy;
			containerPortal = B0BFCEE82CFE393B00731A97 /* Project object */;
			proxyType = 1;
			remoteGlobalIDString = B0BFCF212CFE396000731A97;
			remoteInfo = ReaderModeExtension;
		};
/* End PBXContainerItemProxy section */

/* Begin PBXCopyFilesBuildPhase section */
		B0BFCF392CFE396000731A97 /* Embed Foundation Extensions */ = {
			isa = PBXCopyFilesBuildPhase;
			buildActionMask = 2147483647;
			dstPath = "";
			dstSubfolderSpec = 13;
			files = (
				B0BFCF342CFE396000731A97 /* ReaderModeExtension.appex in Embed Foundation Extensions */,
			);
			name = "Embed Foundation Extensions";
			runOnlyForDeploymentPostprocessing = 0;
		};
/* End PBXCopyFilesBuildPhase section */

/* Begin PBXFileReference section */
		B0BFCEF02CFE393B00731A97 /* ReaderMode.app */ = {isa = PBXFileReference; explicitFileType = wrapper.application; includeInIndex = 0; path = ReaderMode.app; sourceTree = BUILT_PRODUCTS_DIR; };
		B0BFCF012CFE393D00731A97 /* ReaderModeTests.xctest */ = {isa = PBXFileReference; explicitFileType = wrapper.cfbundle; includeInIndex = 0; path = ReaderModeTests.xctest; sourceTree = BUILT_PRODUCTS_DIR; };
		B0BFCF0B2CFE393D00731A97 /* ReaderModeUITests.xctest */ = {isa = PBXFileReference; explicitFileType = wrapper.cfbundle; includeInIndex = 0; path = ReaderModeUITests.xctest; sourceTree = BUILT_PRODUCTS_DIR; };
		B0BFCF222CFE396000731A97 /* ReaderModeExtension.appex */ = {isa = PBXFileReference; explicitFileType = "wrapper.app-extension"; includeInIndex = 0; path = ReaderModeExtension.appex; sourceTree = BUILT_PRODUCTS_DIR; };
/* End PBXFileReference section */

/* Begin PBXFileSystemSynchronizedBuildFileExceptionSet section */
		B0BFCF352CFE396000731A97 /* Exceptions for "ReaderModeExtension" folder in "ReaderModeExtension" target */ = {
			isa = PBXFileSystemSynchronizedBuildFileExceptionSet;
			membershipExceptions = (
				Info.plist,
			);
			target = B0BFCF212CFE396000731A97 /* ReaderModeExtension */;
		};
/* End PBXFileSystemSynchronizedBuildFileExceptionSet section */

/* Begin PBXFileSystemSynchronizedRootGroup section */
		B0BFCEF22CFE393B00731A97 /* ReaderMode */ = {
			isa = PBXFileSystemSynchronizedRootGroup;
			path = ReaderMode;
			sourceTree = "<group>";
		};
		B0BFCF042CFE393D00731A97 /* ReaderModeTests */ = {
			isa = PBXFileSystemSynchronizedRootGroup;
			path = ReaderModeTests;
			sourceTree = "<group>";
		};
		B0BFCF0E2CFE393D00731A97 /* ReaderModeUITests */ = {
			isa = PBXFileSystemSynchronizedRootGroup;
			path = ReaderModeUITests;
			sourceTree = "<group>";
		};
		B0BFCF232CFE396000731A97 /* ReaderModeExtension */ = {
			isa = PBXFileSystemSynchronizedRootGroup;
			exceptions = (
				B0BFCF352CFE396000731A97 /* Exceptions for "ReaderModeExtension" folder in "ReaderModeExtension" target */,
			);
			path = ReaderModeExtension;
			sourceTree = "<group>";
		};
/* End PBXFileSystemSynchronizedRootGroup section */

/* Begin PBXFrameworksBuildPhase section */
		B0BFCEED2CFE393B00731A97 /* Frameworks */ = {
			isa = PBXFrameworksBuildPhase;
			buildActionMask = 2147483647;
			files = (
			);
			runOnlyForDeploymentPostprocessing = 0;
		};
		B0BFCEFE2CFE393D00731A97 /* Frameworks */ = {
			isa = PBXFrameworksBuildPhase;
			buildActionMask = 2147483647;
			files = (
			);
			runOnlyForDeploymentPostprocessing = 0;
		};
		B0BFCF082CFE393D00731A97 /* Frameworks */ = {
			isa = PBXFrameworksBuildPhase;
			buildActionMask = 2147483647;
			files = (
			);
			runOnlyForDeploymentPostprocessing = 0;
		};
		B0BFCF1F2CFE396000731A97 /* Frameworks */ = {
			isa = PBXFrameworksBuildPhase;
			buildActionMask = 2147483647;
			files = (
			);
			runOnlyForDeploymentPostprocessing = 0;
		};
/* End PBXFrameworksBuildPhase section */

/* Begin PBXGroup section */
		B0BFCEE72CFE393B00731A97 = {
			isa = PBXGroup;
			children = (
				B0BFCEF22CFE393B00731A97 /* ReaderMode */,
				B0BFCF042CFE393D00731A97 /* ReaderModeTests */,
				B0BFCF0E2CFE393D00731A97 /* ReaderModeUITests */,
				B0BFCF232CFE396000731A97 /* ReaderModeExtension */,
				B0BFCEF12CFE393B00731A97 /* Products */,
			);
			sourceTree = "<group>";
		};
		B0BFCEF12CFE393B00731A97 /* Products */ = {
			isa = PBXGroup;
			children = (
				B0BFCEF02CFE393B00731A97 /* ReaderMode.app */,
				B0BFCF012CFE393D00731A97 /* ReaderModeTests.xctest */,
				B0BFCF0B2CFE393D00731A97 /* ReaderModeUITests.xctest */,
				B0BFCF222CFE396000731A97 /* ReaderModeExtension.appex */,
			);
			name = Products;
			sourceTree = "<group>";
		};
/* End PBXGroup section */

/* Begin PBXNativeTarget section */
		B0BFCEEF2CFE393B00731A97 /* ReaderMode */ = {
			isa = PBXNativeTarget;
			buildConfigurationList = B0BFCF152CFE393D00731A97 /* Build configuration list for PBXNativeTarget "ReaderMode" */;
			buildPhases = (
				B0BFCEEC2CFE393B00731A97 /* Sources */,
				B0BFCEED2CFE393B00731A97 /* Frameworks */,
				B0BFCEEE2CFE393B00731A97 /* Resources */,
				B0BFCF392CFE396000731A97 /* Embed Foundation Extensions */,
			);
			buildRules = (
			);
			dependencies = (
				B0BFCF332CFE396000731A97 /* PBXTargetDependency */,
			);
			fileSystemSynchronizedGroups = (
				B0BFCEF22CFE393B00731A97 /* ReaderMode */,
			);
			name = ReaderMode;
			packageProductDependencies = (
			);
			productName = ReaderMode;
			productReference = B0BFCEF02CFE393B00731A97 /* ReaderMode.app */;
			productType = "com.apple.product-type.application";
		};
		B0BFCF002CFE393D00731A97 /* ReaderModeTests */ = {
			isa = PBXNativeTarget;
			buildConfigurationList = B0BFCF182CFE393D00731A97 /* Build configuration list for PBXNativeTarget "ReaderModeTests" */;
			buildPhases = (
				B0BFCEFD2CFE393D00731A97 /* Sources */,
				B0BFCEFE2CFE393D00731A97 /* Frameworks */,
				B0BFCEFF2CFE393D00731A97 /* Resources */,
			);
			buildRules = (
			);
			dependencies = (
				B0BFCF032CFE393D00731A97 /* PBXTargetDependency */,
			);
			fileSystemSynchronizedGroups = (
				B0BFCF042CFE393D00731A97 /* ReaderModeTests */,
			);
			name = ReaderModeTests;
			packageProductDependencies = (
			);
			productName = ReaderModeTests;
			productReference = B0BFCF012CFE393D00731A97 /* ReaderModeTests.xctest */;
			productType = "com.apple.product-type.bundle.unit-test";
		};
		B0BFCF0A2CFE393D00731A97 /* ReaderModeUITests */ = {
			isa = PBXNativeTarget;
			buildConfigurationList = B0BFCF1B2CFE393D00731A97 /* Build configuration list for PBXNativeTarget "ReaderModeUITests" */;
			buildPhases = (
				B0BFCF072CFE393D00731A97 /* Sources */,
				B0BFCF082CFE393D00731A97 /* Frameworks */,
				B0BFCF092CFE393D00731A97 /* Resources */,
			);
			buildRules = (
			);
			dependencies = (
				B0BFCF0D2CFE393D00731A97 /* PBXTargetDependency */,
			);
			fileSystemSynchronizedGroups = (
				B0BFCF0E2CFE393D00731A97 /* ReaderModeUITests */,
			);
			name = ReaderModeUITests;
			packageProductDependencies = (
			);
			productName = ReaderModeUITests;
			productReference = B0BFCF0B2CFE393D00731A97 /* ReaderModeUITests.xctest */;
			productType = "com.apple.product-type.bundle.ui-testing";
		};
		B0BFCF212CFE396000731A97 /* ReaderModeExtension */ = {
			isa = PBXNativeTarget;
			buildConfigurationList = B0BFCF362CFE396000731A97 /* Build configuration list for PBXNativeTarget "ReaderModeExtension" */;
			buildPhases = (
				B0BFCF1E2CFE396000731A97 /* Sources */,
				B0BFCF1F2CFE396000731A97 /* Frameworks */,
				B0BFCF202CFE396000731A97 /* Resources */,
			);
			buildRules = (
			);
			dependencies = (
			);
			fileSystemSynchronizedGroups = (
				B0BFCF232CFE396000731A97 /* ReaderModeExtension */,
			);
			name = ReaderModeExtension;
			packageProductDependencies = (
			);
			productName = ReaderModeExtension;
			productReference = B0BFCF222CFE396000731A97 /* ReaderModeExtension.appex */;
			productType = "com.apple.product-type.app-extension";
		};
/* End PBXNativeTarget section */

/* Begin PBXProject section */
		B0BFCEE82CFE393B00731A97 /* Project object */ = {
			isa = PBXProject;
			attributes = {
				BuildIndependentTargetsInParallel = 1;
				LastSwiftUpdateCheck = 1600;
				LastUpgradeCheck = 1600;
				TargetAttributes = {
					B0BFCEEF2CFE393B00731A97 = {
						CreatedOnToolsVersion = 16.0;
					};
					B0BFCF002CFE393D00731A97 = {
						CreatedOnToolsVersion = 16.0;
						TestTargetID = B0BFCEEF2CFE393B00731A97;
					};
					B0BFCF0A2CFE393D00731A97 = {
						CreatedOnToolsVersion = 16.0;
						TestTargetID = B0BFCEEF2CFE393B00731A97;
					};
					B0BFCF212CFE396000731A97 = {
						CreatedOnToolsVersion = 16.0;
					};
				};
			};
			buildConfigurationList = B0BFCEEB2CFE393B00731A97 /* Build configuration list for PBXProject "ReaderMode" */;
			developmentRegion = en;
			hasScannedForEncodings = 0;
			knownRegions = (
				en,
				Base,
			);
			mainGroup = B0BFCEE72CFE393B00731A97;
			minimizedProjectReferenceProxies = 1;
			preferredProjectObjectVersion = 77;
			productRefGroup = B0BFCEF12CFE393B00731A97 /* Products */;
			projectDirPath = "";
			projectRoot = "";
			targets = (
				B0BFCEEF2CFE393B00731A97 /* ReaderMode */,
				B0BFCF002CFE393D00731A97 /* ReaderModeTests */,
				B0BFCF0A2CFE393D00731A97 /* ReaderModeUITests */,
				B0BFCF212CFE396000731A97 /* ReaderModeExtension */,
			);
		};
/* End PBXProject section */

/* Begin PBXResourcesBuildPhase section */
		B0BFCEEE2CFE393B00731A97 /* Resources */ = {
			isa = PBXResourcesBuildPhase;
			buildActionMask = 2147483647;
			files = (
			);
			runOnlyForDeploymentPostprocessing = 0;
		};
		B0BFCEFF2CFE393D00731A97 /* Resources */ = {
			isa = PBXResourcesBuildPhase;
			buildActionMask = 2147483647;
			files = (
			);
			runOnlyForDeploymentPostprocessing = 0;
		};
		B0BFCF092CFE393D00731A97 /* Resources */ = {
			isa = PBXResourcesBuildPhase;
			buildActionMask = 2147483647;
			files = (
			);
			runOnlyForDeploymentPostprocessing = 0;
		};
		B0BFCF202CFE396000731A97 /* Resources */ = {
			isa = PBXResourcesBuildPhase;
			buildActionMask = 2147483647;
			files = (
			);
			runOnlyForDeploymentPostprocessing = 0;
		};
/* End PBXResourcesBuildPhase section */

/* Begin PBXSourcesBuildPhase section */
		B0BFCEEC2CFE393B00731A97 /* Sources */ = {
			isa = PBXSourcesBuildPhase;
			buildActionMask = 2147483647;
			files = (
			);
			runOnlyForDeploymentPostprocessing = 0;
		};
		B0BFCEFD2CFE393D00731A97 /* Sources */ = {
			isa = PBXSourcesBuildPhase;
			buildActionMask = 2147483647;
			files = (
			);
			runOnlyForDeploymentPostprocessing = 0;
		};
		B0BFCF072CFE393D00731A97 /* Sources */ = {
			isa = PBXSourcesBuildPhase;
			buildActionMask = 2147483647;
			files = (
			);
			runOnlyForDeploymentPostprocessing = 0;
		};
		B0BFCF1E2CFE396000731A97 /* Sources */ = {
			isa = PBXSourcesBuildPhase;
			buildActionMask = 2147483647;
			files = (
			);
			runOnlyForDeploymentPostprocessing = 0;
		};
/* End PBXSourcesBuildPhase section */

/* Begin PBXTargetDependency section */
		B0BFCF032CFE393D00731A97 /* PBXTargetDependency */ = {
			isa = PBXTargetDependency;
			target = B0BFCEEF2CFE393B00731A97 /* ReaderMode */;
			targetProxy = B0BFCF022CFE393D00731A97 /* PBXContainerItemProxy */;
		};
		B0BFCF0D2CFE393D00731A97 /* PBXTargetDependency */ = {
			isa = PBXTargetDependency;
			target = B0BFCEEF2CFE393B00731A97 /* ReaderMode */;
			targetProxy = B0BFCF0C2CFE393D00731A97 /* PBXContainerItemProxy */;
		};
		B0BFCF332CFE396000731A97 /* PBXTargetDependency */ = {
			isa = PBXTargetDependency;
			target = B0BFCF212CFE396000731A97 /* ReaderModeExtension */;
			targetProxy = B0BFCF322CFE396000731A97 /* PBXContainerItemProxy */;
		};
/* End PBXTargetDependency section */

/* Begin XCBuildConfiguration section */
		B0BFCF132CFE393D00731A97 /* Debug */ = {
			isa = XCBuildConfiguration;
			buildSettings = {
				ALWAYS_SEARCH_USER_PATHS = NO;
				ASSETCATALOG_COMPILER_GENERATE_SWIFT_ASSET_SYMBOL_EXTENSIONS = YES;
				CLANG_ANALYZER_NONNULL = YES;
				CLANG_ANALYZER_NUMBER_OBJECT_CONVERSION = YES_AGGRESSIVE;
				CLANG_CXX_LANGUAGE_STANDARD = "gnu++20";
				CLANG_ENABLE_MODULES = YES;
				CLANG_ENABLE_OBJC_ARC = YES;
				CLANG_ENABLE_OBJC_WEAK = YES;
				CLANG_WARN_BLOCK_CAPTURE_AUTORELEASING = YES;
				CLANG_WARN_BOOL_CONVERSION = YES;
				CLANG_WARN_COMMA = YES;
				CLANG_WARN_CONSTANT_CONVERSION = YES;
				CLANG_WARN_DEPRECATED_OBJC_IMPLEMENTATIONS = YES;
				CLANG_WARN_DIRECT_OBJC_ISA_USAGE = YES_ERROR;
				CLANG_WARN_DOCUMENTATION_COMMENTS = YES;
				CLANG_WARN_EMPTY_BODY = YES;
				CLANG_WARN_ENUM_CONVERSION = YES;
				CLANG_WARN_INFINITE_RECURSION = YES;
				CLANG_WARN_INT_CONVERSION = YES;
				CLANG_WARN_NON_LITERAL_NULL_CONVERSION = YES;
				CLANG_WARN_OBJC_IMPLICIT_RETAIN_SELF = YES;
				CLANG_WARN_OBJC_LITERAL_CONVERSION = YES;
				CLANG_WARN_OBJC_ROOT_CLASS = YES_ERROR;
				CLANG_WARN_QUOTED_INCLUDE_IN_FRAMEWORK_HEADER = YES;
				CLANG_WARN_RANGE_LOOP_ANALYSIS = YES;
				CLANG_WARN_STRICT_PROTOTYPES = YES;
				CLANG_WARN_SUSPICIOUS_MOVE = YES;
				CLANG_WARN_UNGUARDED_AVAILABILITY = YES_AGGRESSIVE;
				CLANG_WARN_UNREACHABLE_CODE = YES;
				CLANG_WARN__DUPLICATE_METHOD_MATCH = YES;
				COPY_PHASE_STRIP = NO;
				DEBUG_INFORMATION_FORMAT = dwarf;
				ENABLE_STRICT_OBJC_MSGSEND = YES;
				ENABLE_TESTABILITY = YES;
				ENABLE_USER_SCRIPT_SANDBOXING = YES;
				GCC_C_LANGUAGE_STANDARD = gnu17;
				GCC_DYNAMIC_NO_PIC = NO;
				GCC_NO_COMMON_BLOCKS = YES;
				GCC_OPTIMIZATION_LEVEL = 0;
				GCC_PREPROCESSOR_DEFINITIONS = (
					"DEBUG=1",
					"$(inherited)",
				);
				GCC_WARN_64_TO_32_BIT_CONVERSION = YES;
				GCC_WARN_ABOUT_RETURN_TYPE = YES_ERROR;
				GCC_WARN_UNDECLARED_SELECTOR = YES;
				GCC_WARN_UNINITIALIZED_AUTOS = YES_AGGRESSIVE;
				GCC_WARN_UNUSED_FUNCTION = YES;
				GCC_WARN_UNUSED_VARIABLE = YES;
				LOCALIZATION_PREFERS_STRING_CATALOGS = YES;
				MACOSX_DEPLOYMENT_TARGET = 14.7;
				MTL_ENABLE_DEBUG_INFO = INCLUDE_SOURCE;
				MTL_FAST_MATH = YES;
				ONLY_ACTIVE_ARCH = YES;
				SDKROOT = macosx;
				SWIFT_ACTIVE_COMPILATION_CONDITIONS = "DEBUG $(inherited)";
				SWIFT_OPTIMIZATION_LEVEL = "-Onone";
			};
			name = Debug;
		};
		B0BFCF142CFE393D00731A97 /* Release */ = {
			isa = XCBuildConfiguration;
			buildSettings = {
				ALWAYS_SEARCH_USER_PATHS = NO;
				ASSETCATALOG_COMPILER_GENERATE_SWIFT_ASSET_SYMBOL_EXTENSIONS = YES;
				CLANG_ANALYZER_NONNULL = YES;
				CLANG_ANALYZER_NUMBER_OBJECT_CONVERSION = YES_AGGRESSIVE;
				CLANG_CXX_LANGUAGE_STANDARD = "gnu++20";
				CLANG_ENABLE_MODULES = YES;
				CLANG_ENABLE_OBJC_ARC = YES;
				CLANG_ENABLE_OBJC_WEAK = YES;
				CLANG_WARN_BLOCK_CAPTURE_AUTORELEASING = YES;
				CLANG_WARN_BOOL_CONVERSION = YES;
				CLANG_WARN_COMMA = YES;
				CLANG_WARN_CONSTANT_CONVERSION = YES;
				CLANG_WARN_DEPRECATED_OBJC_IMPLEMENTATIONS = YES;
				CLANG_WARN_DIRECT_OBJC_ISA_USAGE = YES_ERROR;
				CLANG_WARN_DOCUMENTATION_COMMENTS = YES;
				CLANG_WARN_EMPTY_BODY = YES;
				CLANG_WARN_ENUM_CONVERSION = YES;
				CLANG_WARN_INFINITE_RECURSION = YES;
				CLANG_WARN_INT_CONVERSION = YES;
				CLANG_WARN_NON_LITERAL_NULL_CONVERSION = YES;
				CLANG_WARN_OBJC_IMPLICIT_RETAIN_SELF = YES;
				CLANG_WARN_OBJC_LITERAL_CONVERSION = YES;
				CLANG_WARN_OBJC_ROOT_CLASS = YES_ERROR;
				CLANG_WARN_QUOTED_INCLUDE_IN_FRAMEWORK_HEADER = YES;
				CLANG_WARN_RANGE_LOOP_ANALYSIS = YES;
				CLANG_WARN_STRICT_PROTOTYPES = YES;
				CLANG_WARN_SUSPICIOUS_MOVE = YES;
				CLANG_WARN_UNGUARDED_AVAILABILITY = YES_AGGRESSIVE;
				CLANG_WARN_UNREACHABLE_CODE = YES;
				CLANG_WARN__DUPLICATE_METHOD_MATCH = YES;
				COPY_PHASE_STRIP = NO;
				DEBUG_INFORMATION_FORMAT = "dwarf-with-dsym";
				ENABLE_NS_ASSERTIONS = NO;
				ENABLE_STRICT_OBJC_MSGSEND = YES;
				ENABLE_USER_SCRIPT_SANDBOXING = YES;
				GCC_C_LANGUAGE_STANDARD = gnu17;
				GCC_NO_COMMON_BLOCKS = YES;
				GCC_WARN_64_TO_32_BIT_CONVERSION = YES;
				GCC_WARN_ABOUT_RETURN_TYPE = YES_ERROR;
				GCC_WARN_UNDECLARED_SELECTOR = YES;
				GCC_WARN_UNINITIALIZED_AUTOS = YES_AGGRESSIVE;
				GCC_WARN_UNUSED_FUNCTION = YES;
				GCC_WARN_UNUSED_VARIABLE = YES;
				LOCALIZATION_PREFERS_STRING_CATALOGS = YES;
				MACOSX_DEPLOYMENT_TARGET = 14.7;
				MTL_ENABLE_DEBUG_INFO = NO;
				MTL_FAST_MATH = YES;
				SDKROOT = macosx;
				SWIFT_COMPILATION_MODE = wholemodule;
			};
			name = Release;
		};
		B0BFCF162CFE393D00731A97 /* Debug */ = {
			isa = XCBuildConfiguration;
			buildSettings = {
				ASSETCATALOG_COMPILER_APPICON_NAME = AppIcon;
				ASSETCATALOG_COMPILER_GLOBAL_ACCENT_COLOR_NAME = AccentColor;
				CODE_SIGN_ENTITLEMENTS = ReaderMode/ReaderMode.entitlements;
				CODE_SIGN_STYLE = Automatic;
				COMBINE_HIDPI_IMAGES = YES;
				CURRENT_PROJECT_VERSION = 1;
				DEVELOPMENT_ASSET_PATHS = "\"ReaderMode/Preview Content\"";
				DEVELOPMENT_TEAM = TY9KXXP8XW;
				ENABLE_HARDENED_RUNTIME = YES;
				ENABLE_PREVIEWS = YES;
				GENERATE_INFOPLIST_FILE = YES;
				INFOPLIST_KEY_NSHumanReadableCopyright = "";
				LD_RUNPATH_SEARCH_PATHS = (
					"$(inherited)",
					"@executable_path/../Frameworks",
				);
				MARKETING_VERSION = 1.0;
				PRODUCT_BUNDLE_IDENTIFIER = com.bartoszkunat.ReaderMode;
				PRODUCT_NAME = "$(TARGET_NAME)";
				SWIFT_EMIT_LOC_STRINGS = YES;
				SWIFT_VERSION = 5.0;
			};
			name = Debug;
		};
		B0BFCF172CFE393D00731A97 /* Release */ = {
			isa = XCBuildConfiguration;
			buildSettings = {
				ASSETCATALOG_COMPILER_APPICON_NAME = AppIcon;
				ASSETCATALOG_COMPILER_GLOBAL_ACCENT_COLOR_NAME = AccentColor;
				CODE_SIGN_ENTITLEMENTS = ReaderMode/ReaderMode.entitlements;
				CODE_SIGN_STYLE = Automatic;
				COMBINE_HIDPI_IMAGES = YES;
				CURRENT_PROJECT_VERSION = 1;
				DEVELOPMENT_ASSET_PATHS = "\"ReaderMode/Preview Content\"";
				DEVELOPMENT_TEAM = TY9KXXP8XW;
				ENABLE_HARDENED_RUNTIME = YES;
				ENABLE_PREVIEWS = YES;
				GENERATE_INFOPLIST_FILE = YES;
				INFOPLIST_KEY_NSHumanReadableCopyright = "";
				LD_RUNPATH_SEARCH_PATHS = (
					"$(inherited)",
					"@executable_path/../Frameworks",
				);
				MARKETING_VERSION = 1.0;
				PRODUCT_BUNDLE_IDENTIFIER = com.bartoszkunat.ReaderMode;
				PRODUCT_NAME = "$(TARGET_NAME)";
				SWIFT_EMIT_LOC_STRINGS = YES;
				SWIFT_VERSION = 5.0;
			};
			name = Release;
		};
		B0BFCF192CFE393D00731A97 /* Debug */ = {
			isa = XCBuildConfiguration;
			buildSettings = {
				BUNDLE_LOADER = "$(TEST_HOST)";
				CODE_SIGN_STYLE = Automatic;
				CURRENT_PROJECT_VERSION = 1;
				DEVELOPMENT_TEAM = TY9KXXP8XW;
				GENERATE_INFOPLIST_FILE = YES;
				MACOSX_DEPLOYMENT_TARGET = 14.7;
				MARKETING_VERSION = 1.0;
				PRODUCT_BUNDLE_IDENTIFIER = com.bartoszkunat.ReaderModeTests;
				PRODUCT_NAME = "$(TARGET_NAME)";
				SWIFT_EMIT_LOC_STRINGS = NO;
				SWIFT_VERSION = 5.0;
				TEST_HOST = "$(BUILT_PRODUCTS_DIR)/ReaderMode.app/$(BUNDLE_EXECUTABLE_FOLDER_PATH)/ReaderMode";
			};
			name = Debug;
		};
		B0BFCF1A2CFE393D00731A97 /* Release */ = {
			isa = XCBuildConfiguration;
			buildSettings = {
				BUNDLE_LOADER = "$(TEST_HOST)";
				CODE_SIGN_STYLE = Automatic;
				CURRENT_PROJECT_VERSION = 1;
				DEVELOPMENT_TEAM = TY9KXXP8XW;
				GENERATE_INFOPLIST_FILE = YES;
				MACOSX_DEPLOYMENT_TARGET = 14.7;
				MARKETING_VERSION = 1.0;
				PRODUCT_BUNDLE_IDENTIFIER = com.bartoszkunat.ReaderModeTests;
				PRODUCT_NAME = "$(TARGET_NAME)";
				SWIFT_EMIT_LOC_STRINGS = NO;
				SWIFT_VERSION = 5.0;
				TEST_HOST = "$(BUILT_PRODUCTS_DIR)/ReaderMode.app/$(BUNDLE_EXECUTABLE_FOLDER_PATH)/ReaderMode";
			};
			name = Release;
		};
		B0BFCF1C2CFE393D00731A97 /* Debug */ = {
			isa = XCBuildConfiguration;
			buildSettings = {
				CODE_SIGN_STYLE = Automatic;
				CURRENT_PROJECT_VERSION = 1;
				DEVELOPMENT_TEAM = TY9KXXP8XW;
				GENERATE_INFOPLIST_FILE = YES;
				MARKETING_VERSION = 1.0;
				PRODUCT_BUNDLE_IDENTIFIER = com.bartoszkunat.ReaderModeUITests;
				PRODUCT_NAME = "$(TARGET_NAME)";
				SWIFT_EMIT_LOC_STRINGS = NO;
				SWIFT_VERSION = 5.0;
				TEST_TARGET_NAME = ReaderMode;
			};
			name = Debug;
		};
		B0BFCF1D2CFE393D00731A97 /* Release */ = {
			isa = XCBuildConfiguration;
			buildSettings = {
				CODE_SIGN_STYLE = Automatic;
				CURRENT_PROJECT_VERSION = 1;
				DEVELOPMENT_TEAM = TY9KXXP8XW;
				GENERATE_INFOPLIST_FILE = YES;
				MARKETING_VERSION = 1.0;
				PRODUCT_BUNDLE_IDENTIFIER = com.bartoszkunat.ReaderModeUITests;
				PRODUCT_NAME = "$(TARGET_NAME)";
				SWIFT_EMIT_LOC_STRINGS = NO;
				SWIFT_VERSION = 5.0;
				TEST_TARGET_NAME = ReaderMode;
			};
			name = Release;
		};
		B0BFCF372CFE396000731A97 /* Debug */ = {
			isa = XCBuildConfiguration;
			buildSettings = {
				CODE_SIGN_ENTITLEMENTS = ReaderModeExtension/ReaderModeExtension.entitlements;
				CODE_SIGN_STYLE = Automatic;
				CURRENT_PROJECT_VERSION = 1;
				DEVELOPMENT_TEAM = TY9KXXP8XW;
				ENABLE_HARDENED_RUNTIME = YES;
				GENERATE_INFOPLIST_FILE = YES;
				INFOPLIST_FILE = ReaderModeExtension/Info.plist;
				INFOPLIST_KEY_CFBundleDisplayName = ReaderModeExtension;
				INFOPLIST_KEY_NSHumanReadableCopyright = "";
				LD_RUNPATH_SEARCH_PATHS = (
					"$(inherited)",
					"@executable_path/../Frameworks",
					"@executable_path/../../../../Frameworks",
				);
				MACOSX_DEPLOYMENT_TARGET = 12;
				MARKETING_VERSION = 1.0;
				OTHER_LDFLAGS = (
					"-framework",
					SafariServices,
				);
				PRODUCT_BUNDLE_IDENTIFIER = com.bartoszkunat.ReaderMode.ReaderModeExtension;
				PRODUCT_NAME = "$(TARGET_NAME)";
				SKIP_INSTALL = YES;
				SWIFT_EMIT_LOC_STRINGS = YES;
				SWIFT_VERSION = 5.0;
			};
			name = Debug;
		};
		B0BFCF382CFE396000731A97 /* Release */ = {
			isa = XCBuildConfiguration;
			buildSettings = {
				CODE_SIGN_ENTITLEMENTS = ReaderModeExtension/ReaderModeExtension.entitlements;
				CODE_SIGN_STYLE = Automatic;
				CURRENT_PROJECT_VERSION = 1;
				DEVELOPMENT_TEAM = TY9KXXP8XW;
				ENABLE_HARDENED_RUNTIME = YES;
				GENERATE_INFOPLIST_FILE = YES;
				INFOPLIST_FILE = ReaderModeExtension/Info.plist;
				INFOPLIST_KEY_CFBundleDisplayName = ReaderModeExtension;
				INFOPLIST_KEY_NSHumanReadableCopyright = "";
				LD_RUNPATH_SEARCH_PATHS = (
					"$(inherited)",
					"@executable_path/../Frameworks",
					"@executable_path/../../../../Frameworks",
				);
				MACOSX_DEPLOYMENT_TARGET = 12;
				MARKETING_VERSION = 1.0;
				OTHER_LDFLAGS = (
					"-framework",
					SafariServices,
				);
				PRODUCT_BUNDLE_IDENTIFIER = com.bartoszkunat.ReaderMode.ReaderModeExtension;
				PRODUCT_NAME = "$(TARGET_NAME)";
				SKIP_INSTALL = YES;
				SWIFT_EMIT_LOC_STRINGS = YES;
				SWIFT_VERSION = 5.0;
			};
			name = Release;
		};
/* End XCBuildConfiguration section */

/* Begin XCConfigurationList section */
		B0BFCEEB2CFE393B00731A97 /* Build configuration list for PBXProject "ReaderMode" */ = {
			isa = XCConfigurationList;
			buildConfigurations = (
				B0BFCF132CFE393D00731A97 /* Debug */,
				B0BFCF142CFE393D00731A97 /* Release */,
			);
			defaultConfigurationIsVisible = 0;
			defaultConfigurationName = Release;
		};
		B0BFCF152CFE393D00731A97 /* Build configuration list for PBXNativeTarget "ReaderMode" */ = {
			isa = XCConfigurationList;
			buildConfigurations = (
				B0BFCF162CFE393D00731A97 /* Debug */,
				B0BFCF172CFE393D00731A97 /* Release */,
			);
			defaultConfigurationIsVisible = 0;
			defaultConfigurationName = Release;
		};
		B0BFCF182CFE393D00731A97 /* Build configuration list for PBXNativeTarget "ReaderModeTests" */ = {
			isa = XCConfigurationList;
			buildConfigurations = (
				B0BFCF192CFE393D00731A97 /* Debug */,
				B0BFCF1A2CFE393D00731A97 /* Release */,
			);
			defaultConfigurationIsVisible = 0;
			defaultConfigurationName = Release;
		};
		B0BFCF1B2CFE393D00731A97 /* Build configuration list for PBXNativeTarget "ReaderModeUITests" */ = {
			isa = XCConfigurationList;
			buildConfigurations = (
				B0BFCF1C2CFE393D00731A97 /* Debug */,
				B0BFCF1D2CFE393D00731A97 /* Release */,
			);
			defaultConfigurationIsVisible = 0;
			defaultConfigurationName = Release;
		};
		B0BFCF362CFE396000731A97 /* Build configuration list for PBXNativeTarget "ReaderModeExtension" */ = {
			isa = XCConfigurationList;
			buildConfigurations = (
				B0BFCF372CFE396000731A97 /* Debug */,
				B0BFCF382CFE396000731A97 /* Release */,
			);
			defaultConfigurationIsVisible = 0;
			defaultConfigurationName = Release;
		};
/* End XCConfigurationList section */
	};
	rootObject = B0BFCEE82CFE393B00731A97 /* Project object */;
}
